
Microsoft Visual Studio Solution File, Format Version 12.00
# Visual Studio 15
VisualStudioVersion = 15.0.26730.15
MinimumVisualStudioVersion = 10.0.40219.1
Project("{9A19103F-16F7-4668-BE54-9A1E7A4F7556}") = "qsharp.netstandard", "qsharp.netstandard\qsharp.netstandard.csproj", "{30CCBDD8-702A-4C4B-8026-215C29220CF4}"
EndProject
Project("{2150E333-8FDC-42A3-9474-1A3956D46DE8}") = "docs", "docs", "{FFE39C66-0D94-4B8E-BF83-22E28CB11AA2}"
	ProjectSection(SolutionItems) = preProject
		LICENSE = LICENSE
		README.md = README.md
	EndProjectSection
EndProject
Project("{FAE04EC0-301F-11D3-BF4B-00C04F79EFBC}") = "qsharp.core.netstandard", "qsharp.core.netstandard\qsharp.core.netstandard.csproj", "{44490EF6-350F-4575-9BC8-9A041F0F8660}"
EndProject
Global
	GlobalSection(SolutionConfigurationPlatforms) = preSolution
		Debug|Any CPU = Debug|Any CPU
		Release|Any CPU = Release|Any CPU
	EndGlobalSection
	GlobalSection(ProjectConfigurationPlatforms) = postSolution
		{30CCBDD8-702A-4C4B-8026-215C29220CF4}.Debug|Any CPU.ActiveCfg = Debug|Any CPU
		{30CCBDD8-702A-4C4B-8026-215C29220CF4}.Debug|Any CPU.Build.0 = Debug|Any CPU
		{30CCBDD8-702A-4C4B-8026-215C29220CF4}.Release|Any CPU.ActiveCfg = Release|Any CPU
		{30CCBDD8-702A-4C4B-8026-215C29220CF4}.Release|Any CPU.Build.0 = Release|Any CPU
		{44490EF6-350F-4575-9BC8-9A041F0F8660}.Debug|Any CPU.ActiveCfg = Debug|Any CPU
		{44490EF6-350F-4575-9BC8-9A041F0F8660}.Debug|Any CPU.Build.0 = Debug|Any CPU
		{44490EF6-350F-4575-9BC8-9A041F0F8660}.Release|Any CPU.ActiveCfg = Release|Any CPU
		{44490EF6-350F-4575-9BC8-9A041F0F8660}.Release|Any CPU.Build.0 = Release|Any CPU
	EndGlobalSection
	GlobalSection(SolutionProperties) = preSolution
		HideSolutionNode = FALSE
	EndGlobalSection
	GlobalSection(ExtensibilityGlobals) = postSolution
		SolutionGuid = {14D64940-19FB-4DB0-A24E-C6F6981A56DC}
	EndGlobalSection
EndGlobal
